
Microsoft Visual Studio Solution File, Format Version 12.00
# Visual Studio Version 17
VisualStudioVersion = 17.5.33516.290
MinimumVisualStudioVersion = 10.0.40219.1
Project("{FAE04EC0-301F-11D3-BF4B-00C04F79EFBC}") = "Emulator", "Emulator\Emulator.csproj", "{C2114FAB-DEE2-4B1C-9EA8-09B8B4ADE07D}"
EndProject
Global
	GlobalSection(SolutionConfigurationPlatforms) = preSolution
		Debug|Any CPU = Debug|Any CPU
		Release|Any CPU = Release|Any CPU
	EndGlobalSection
	GlobalSection(ProjectConfigurationPlatforms) = postSolution
		{C2114FAB-DEE2-4B1C-9EA8-09B8B4ADE07D}.Debug|Any CPU.ActiveCfg = Debug|Any CPU
		{C2114FAB-DEE2-4B1C-9EA8-09B8B4ADE07D}.Debug|Any CPU.Build.0 = Debug|Any CPU
		{C2114FAB-DEE2-4B1C-9EA8-09B8B4ADE07D}.Release|Any CPU.ActiveCfg = Release|Any CPU
		{C2114FAB-DEE2-4B1C-9EA8-09B8B4ADE07D}.Release|Any CPU.Build.0 = Release|Any CPU
	EndGlobalSection
	GlobalSection(SolutionProperties) = preSolution
		HideSolutionNode = FALSE
	EndGlobalSection
	GlobalSection(ExtensibilityGlobals) = postSolution
		SolutionGuid = {4DB9ABF0-71EC-4C93-A1BA-23FE2E28ADE8}
	EndGlobalSection
EndGlobal
